{
  "version": 4,
  "terraform_version": "0.13.5",
  "serial": 11,
  "lineage": "33b66275-a09b-a5af-c74b-c4cc420fab42",
  "outputs": {},
  "resources": [
    {
      "mode": "managed",
      "type": "aws_internet_gateway",
      "name": "terraform_aws_ig",
      "provider": "provider[\"registry.terraform.io/hashicorp/aws\"]",
      "instances": [
        {
          "schema_version": 0,
          "attributes": {
            "arn": "arn:aws:ec2:us-east-1:036161297129:internet-gateway/igw-0aae811bf354b44af",
            "id": "igw-0aae811bf354b44af",
            "owner_id": "036161297129",
            "tags": {
              "Name": "Terraform-aws-IG"
            },
            "vpc_id": "vpc-0e4bb54ecd5caa7c7"
          },
          "private": "bnVsbA==",
          "dependencies": [
            "aws_vpc.terraform_aws_vpc"
          ]
        }
      ]
    },
    {
      "mode": "managed",
      "type": "aws_key_pair",
      "name": "terraform_aws_keypair",
      "provider": "provider[\"registry.terraform.io/hashicorp/aws\"]",
      "instances": [
        {
          "schema_version": 1,
          "attributes": {
            "arn": "arn:aws:ec2:us-east-1:036161297129:key-pair/terraform_KeyPair",
            "fingerprint": "b9:1c:02:ff:3c:f8:83:d4:28:22:55:39:c5:a3:af:c6",
            "id": "terraform_KeyPair",
            "key_name": "terraform_KeyPair",
            "key_name_prefix": null,
            "key_pair_id": "key-036b79bc20fbce27b",
            "public_key": "ssh-rsa AAAAB3NzaC1yc2EAAAADAQABAAABAQDcVkXZ1KjWqby/B8LkdOdwerRFpEqjD6Qr8JrBAnLTfaCflYFAwDmqpVaVA+co8ISkjD4jaA9EmfzpGsyBM9Uz1+YiFWtHIV9OmmJNer4hYQe6JX7aHX44HRcovUntZCqJj5XNTqMgXiX7lrIwHQwBD6OkDaCN2Ra+/XyOyT80e1GIAJzYcDd8wo78FGZt8jL3tD50ytSO1Bxm3LBxNuOU444qtBOzpGB++YizgmCe3UB/l79xrDpanvuQRPaX9oWsdLcdc8jNYPAaFPPBmbC589QGpyQ3DTlswLzT1g0KLUhGNP7kKJrfuopybgGBToSub6RDvcowdGgODjH3FjDB nseshare@nseshare-mac",
            "tags": {}
          },
          "private": "eyJzY2hlbWFfdmVyc2lvbiI6IjEifQ=="
        }
      ]
    },
    {
      "mode": "managed",
      "type": "aws_subnet",
      "name": "tf_aws_pub_subnet",
      "provider": "provider[\"registry.terraform.io/hashicorp/aws\"]",
      "instances": [
        {
          "schema_version": 1,
          "attributes": {
            "arn": "arn:aws:ec2:us-east-1:036161297129:subnet/subnet-0955b54ae5964b8f7",
            "assign_ipv6_address_on_creation": false,
            "availability_zone": "us-east-1a",
            "availability_zone_id": "use1-az4",
            "cidr_block": "10.0.1.0/24",
            "id": "subnet-0955b54ae5964b8f7",
            "ipv6_cidr_block": "",
            "ipv6_cidr_block_association_id": "",
            "map_public_ip_on_launch": true,
            "outpost_arn": "",
            "owner_id": "036161297129",
            "tags": {
              "Name": "TF-aws-pub-subnet"
            },
            "timeouts": null,
            "vpc_id": "vpc-0e4bb54ecd5caa7c7"
          },
          "private": "eyJlMmJmYjczMC1lY2FhLTExZTYtOGY4OC0zNDM2M2JjN2M0YzAiOnsiY3JlYXRlIjo2MDAwMDAwMDAwMDAsImRlbGV0ZSI6MTIwMDAwMDAwMDAwMH0sInNjaGVtYV92ZXJzaW9uIjoiMSJ9",
          "dependencies": [
            "aws_vpc.terraform_aws_vpc"
          ]
        }
      ]
    },
    {
      "mode": "managed",
      "type": "aws_vpc",
      "name": "terraform_aws_vpc",
      "provider": "provider[\"registry.terraform.io/hashicorp/aws\"]",
      "instances": [
        {
          "schema_version": 1,
          "attributes": {
            "arn": "arn:aws:ec2:us-east-1:036161297129:vpc/vpc-0e4bb54ecd5caa7c7",
            "assign_generated_ipv6_cidr_block": false,
            "cidr_block": "10.0.0.0/16",
            "default_network_acl_id": "acl-086d5af7adeb498f5",
            "default_route_table_id": "rtb-0f2327d4311cbbc03",
            "default_security_group_id": "sg-0937b85ffb2dd5791",
            "dhcp_options_id": "dopt-6b1e4310",
            "enable_classiclink": false,
            "enable_classiclink_dns_support": false,
            "enable_dns_hostnames": true,
            "enable_dns_support": true,
            "id": "vpc-0e4bb54ecd5caa7c7",
            "instance_tenancy": "default",
            "ipv6_association_id": "",
            "ipv6_cidr_block": "",
            "main_route_table_id": "rtb-0f2327d4311cbbc03",
            "owner_id": "036161297129",
            "tags": {
              "Name": "VPC-Terraform-aws"
            }
          },
          "private": "eyJzY2hlbWFfdmVyc2lvbiI6IjEifQ=="
        }
      ]
    }
  ]
}
