{
  "version": 4,
  "terraform_version": "0.13.5",
  "serial": 22,
  "lineage": "33b66275-a09b-a5af-c74b-c4cc420fab42",
  "outputs": {},
  "resources": [
    {
      "mode": "managed",
      "type": "aws_internet_gateway",
      "name": "tf_aws_ig",
      "provider": "provider[\"registry.terraform.io/hashicorp/aws\"]",
      "instances": [
        {
          "schema_version": 0,
          "attributes": {
            "arn": "arn:aws:ec2:us-east-1:036161297129:internet-gateway/igw-0e336b97b203300be",
            "id": "igw-0e336b97b203300be",
            "owner_id": "036161297129",
            "tags": {
              "Name": "Terraform-aws-IG"
            },
            "vpc_id": "vpc-0878964c8741af906"
          },
          "private": "bnVsbA==",
          "dependencies": [
            "aws_vpc.tf_aws_vpc"
          ]
        }
      ]
    },
    {
      "mode": "managed",
      "type": "aws_key_pair",
      "name": "tf_aws_keypair",
      "provider": "provider[\"registry.terraform.io/hashicorp/aws\"]",
      "instances": [
        {
          "schema_version": 1,
          "attributes": {
            "arn": "arn:aws:ec2:us-east-1:036161297129:key-pair/tf_KeyPair",
            "fingerprint": "b9:1c:02:ff:3c:f8:83:d4:28:22:55:39:c5:a3:af:c6",
            "id": "tf_KeyPair",
            "key_name": "tf_KeyPair",
            "key_name_prefix": null,
            "key_pair_id": "key-0744dbe444babd83e",
            "public_key": "ssh-rsa AAAAB3NzaC1yc2EAAAADAQABAAABAQDcVkXZ1KjWqby/B8LkdOdwerRFpEqjD6Qr8JrBAnLTfaCflYFAwDmqpVaVA+co8ISkjD4jaA9EmfzpGsyBM9Uz1+YiFWtHIV9OmmJNer4hYQe6JX7aHX44HRcovUntZCqJj5XNTqMgXiX7lrIwHQwBD6OkDaCN2Ra+/XyOyT80e1GIAJzYcDd8wo78FGZt8jL3tD50ytSO1Bxm3LBxNuOU444qtBOzpGB++YizgmCe3UB/l79xrDpanvuQRPaX9oWsdLcdc8jNYPAaFPPBmbC589QGpyQ3DTlswLzT1g0KLUhGNP7kKJrfuopybgGBToSub6RDvcowdGgODjH3FjDB nseshare@nseshare-mac",
            "tags": null
          },
          "private": "eyJzY2hlbWFfdmVyc2lvbiI6IjEifQ=="
        }
      ]
    },
    {
      "mode": "managed",
      "type": "aws_route_table",
      "name": "tf_aws_routetable",
      "provider": "provider[\"registry.terraform.io/hashicorp/aws\"]",
      "instances": [
        {
          "schema_version": 0,
          "attributes": {
            "id": "rtb-0853f08168144b29e",
            "owner_id": "036161297129",
            "propagating_vgws": [],
            "route": [
              {
                "cidr_block": "0.0.0.0/0",
                "egress_only_gateway_id": "",
                "gateway_id": "igw-0e336b97b203300be",
                "instance_id": "",
                "ipv6_cidr_block": "",
                "local_gateway_id": "",
                "nat_gateway_id": "",
                "network_interface_id": "",
                "transit_gateway_id": "",
                "vpc_endpoint_id": "",
                "vpc_peering_connection_id": ""
              }
            ],
            "tags": {
              "Name": "tf-aws-route-table"
            },
            "vpc_id": "vpc-0878964c8741af906"
          },
          "private": "bnVsbA==",
          "dependencies": [
            "aws_internet_gateway.tf_aws_ig",
            "aws_vpc.tf_aws_vpc"
          ]
        }
      ]
    },
    {
      "mode": "managed",
      "type": "aws_route_table_association",
      "name": "tf_aws_route_subnet",
      "provider": "provider[\"registry.terraform.io/hashicorp/aws\"]",
      "instances": [
        {
          "schema_version": 0,
          "attributes": {
            "gateway_id": null,
            "id": "rtbassoc-0c7113ceb9bbd7135",
            "route_table_id": "rtb-0853f08168144b29e",
            "subnet_id": "subnet-09000c172913e5d30"
          },
          "private": "bnVsbA==",
          "dependencies": [
            "aws_internet_gateway.tf_aws_ig",
            "aws_route_table.tf_aws_routetable",
            "aws_subnet.tf_aws_pub_subnet",
            "aws_vpc.tf_aws_vpc"
          ]
        }
      ]
    },
    {
      "mode": "managed",
      "type": "aws_subnet",
      "name": "tf_aws_pub_subnet",
      "provider": "provider[\"registry.terraform.io/hashicorp/aws\"]",
      "instances": [
        {
          "schema_version": 1,
          "attributes": {
            "arn": "arn:aws:ec2:us-east-1:036161297129:subnet/subnet-09000c172913e5d30",
            "assign_ipv6_address_on_creation": false,
            "availability_zone": "us-east-1a",
            "availability_zone_id": "use1-az4",
            "cidr_block": "10.0.1.0/24",
            "id": "subnet-09000c172913e5d30",
            "ipv6_cidr_block": "",
            "ipv6_cidr_block_association_id": "",
            "map_public_ip_on_launch": true,
            "outpost_arn": "",
            "owner_id": "036161297129",
            "tags": {
              "Name": "tf-aws-pub-subnet"
            },
            "timeouts": null,
            "vpc_id": "vpc-0878964c8741af906"
          },
          "private": "eyJlMmJmYjczMC1lY2FhLTExZTYtOGY4OC0zNDM2M2JjN2M0YzAiOnsiY3JlYXRlIjo2MDAwMDAwMDAwMDAsImRlbGV0ZSI6MTIwMDAwMDAwMDAwMH0sInNjaGVtYV92ZXJzaW9uIjoiMSJ9",
          "dependencies": [
            "aws_vpc.tf_aws_vpc"
          ]
        }
      ]
    },
    {
      "mode": "managed",
      "type": "aws_vpc",
      "name": "tf_aws_vpc",
      "provider": "provider[\"registry.terraform.io/hashicorp/aws\"]",
      "instances": [
        {
          "schema_version": 1,
          "attributes": {
            "arn": "arn:aws:ec2:us-east-1:036161297129:vpc/vpc-0878964c8741af906",
            "assign_generated_ipv6_cidr_block": false,
            "cidr_block": "10.0.0.0/16",
            "default_network_acl_id": "acl-0af9aa288bd6c0b1a",
            "default_route_table_id": "rtb-0f9c8a01a413b283f",
            "default_security_group_id": "sg-03cb4a8c9a1aa95a2",
            "dhcp_options_id": "dopt-6b1e4310",
            "enable_classiclink": false,
            "enable_classiclink_dns_support": false,
            "enable_dns_hostnames": true,
            "enable_dns_support": true,
            "id": "vpc-0878964c8741af906",
            "instance_tenancy": "default",
            "ipv6_association_id": "",
            "ipv6_cidr_block": "",
            "main_route_table_id": "rtb-0f9c8a01a413b283f",
            "owner_id": "036161297129",
            "tags": {
              "Name": "VPC-Terraform-aws"
            }
          },
          "private": "eyJzY2hlbWFfdmVyc2lvbiI6IjEifQ=="
        }
      ]
    }
  ]
}
